
Microsoft Visual Studio Solution File, Format Version 12.00
# Visual Studio Version 16
VisualStudioVersion = 16.0.32106.194
MinimumVisualStudioVersion = 10.0.40219.1
Project("{FAE04EC0-301F-11D3-BF4B-00C04F79EFBC}") = "StatusClient", "StatusClient\StatusClient.csproj", "{47DDA258-6062-430D-8D02-9A1BAD906FDA}"
	ProjectSection(ProjectDependencies) = postProject
		{2DBEEBC8-3894-4151-87A0-28615256AE77} = {2DBEEBC8-3894-4151-87A0-28615256AE77}
	EndProjectSection
EndProject
Project("{FAE04EC0-301F-11D3-BF4B-00C04F79EFBC}") = "PackAddonFiles", "PackAddonFiles\PackAddonFiles.csproj", "{2DBEEBC8-3894-4151-87A0-28615256AE77}"
EndProject
Global
	GlobalSection(SolutionConfigurationPlatforms) = preSolution
		Debug|Any CPU = Debug|Any CPU
		Release|Any CPU = Release|Any CPU
		Description = ESO Discord Status
	EndGlobalSection
	GlobalSection(ProjectConfigurationPlatforms) = postSolution
		{47DDA258-6062-430D-8D02-9A1BAD906FDA}.Debug|Any CPU.ActiveCfg = Debug|Any CPU
		{47DDA258-6062-430D-8D02-9A1BAD906FDA}.Debug|Any CPU.Build.0 = Debug|Any CPU
		{47DDA258-6062-430D-8D02-9A1BAD906FDA}.Release|Any CPU.ActiveCfg = Release|Any CPU
		{47DDA258-6062-430D-8D02-9A1BAD906FDA}.Release|Any CPU.Build.0 = Release|Any CPU
		{2DBEEBC8-3894-4151-87A0-28615256AE77}.Debug|Any CPU.ActiveCfg = Debug|Any CPU
		{2DBEEBC8-3894-4151-87A0-28615256AE77}.Debug|Any CPU.Build.0 = Debug|Any CPU
		{2DBEEBC8-3894-4151-87A0-28615256AE77}.Release|Any CPU.ActiveCfg = Release|Any CPU
		{2DBEEBC8-3894-4151-87A0-28615256AE77}.Release|Any CPU.Build.0 = Release|Any CPU
	EndGlobalSection
	GlobalSection(SolutionProperties) = preSolution
		HideSolutionNode = FALSE
	EndGlobalSection
	GlobalSection(ExtensibilityGlobals) = postSolution
		SolutionGuid = {B7601FA7-397F-4D8A-A9A1-DA6E1DDE746E}
	EndGlobalSection
EndGlobal
